
Microsoft Visual Studio Solution File, Format Version 12.00
# Visual Studio Version 17
VisualStudioVersion = 17.7.34024.191
MinimumVisualStudioVersion = 10.0.40219.1
Project("{FAE04EC0-301F-11D3-BF4B-00C04F79EFBC}") = "Formulir", "Formulir\Formulir.csproj", "{19097FB0-A69D-4436-BF1D-C1808F40A230}"
EndProject
Global
	GlobalSection(SolutionConfigurationPlatforms) = preSolution
		Debug|Any CPU = Debug|Any CPU
		Release|Any CPU = Release|Any CPU
	EndGlobalSection
	GlobalSection(ProjectConfigurationPlatforms) = postSolution
		{19097FB0-A69D-4436-BF1D-C1808F40A230}.Debug|Any CPU.ActiveCfg = Debug|Any CPU
		{19097FB0-A69D-4436-BF1D-C1808F40A230}.Debug|Any CPU.Build.0 = Debug|Any CPU
		{19097FB0-A69D-4436-BF1D-C1808F40A230}.Release|Any CPU.ActiveCfg = Release|Any CPU
		{19097FB0-A69D-4436-BF1D-C1808F40A230}.Release|Any CPU.Build.0 = Release|Any CPU
	EndGlobalSection
	GlobalSection(SolutionProperties) = preSolution
		HideSolutionNode = FALSE
	EndGlobalSection
	GlobalSection(ExtensibilityGlobals) = postSolution
		SolutionGuid = {B0D801CE-76D4-4AAA-96A3-528AF4DEC881}
	EndGlobalSection
EndGlobal
